{
  "nodes": {
    "home-manager": {
      "inputs": {
        "nixpkgs": [
          "nixpkgs"
        ],
        "utils": "utils"
      },
      "locked": {
        "lastModified": 1679067095,
        "narHash": "sha256-G2dJQURL/CCi+8RP6jNJG8VqgtzEMCA+6mNodd3VR6E=",
        "owner": "nix-community",
        "repo": "home-manager",
        "rev": "3239e0b40f242f47bf6c0c37b2fd35ab3e76e370",
        "type": "github"
      },
      "original": {
        "owner": "nix-community",
        "repo": "home-manager",
        "type": "github"
      }
    },
    "nixpkgs": {
      "locked": {
        "lastModified": 1678898370,
        "narHash": "sha256-xTICr1j+uat5hk9FyuPOFGxpWHdJRibwZC+ATi0RbtE=",
        "owner": "NixOS",
        "repo": "nixpkgs",
        "rev": "ac718d02867a84b42522a0ece52d841188208f2c",
        "type": "github"
      },
      "original": {
        "owner": "NixOS",
        "ref": "nixos-unstable",
        "repo": "nixpkgs",
        "type": "github"
      }
    },
    "nur": {
      "locked": {
        "lastModified": 1679121953,
        "narHash": "sha256-UzGX36C5iHGHPaSuJxWL2ezmfc4NNwcnO6/bMoNEk9w=",
        "owner": "nix-community",
        "repo": "NUR",
        "rev": "a98f30134c75cd570c2f14f1333e1b7e090bd1dc",
        "type": "github"
      },
      "original": {
        "owner": "nix-community",
        "repo": "NUR",
        "type": "github"
      }
    },
    "root": {
      "inputs": {
        "home-manager": "home-manager",
        "nixpkgs": "nixpkgs",
        "nur": "nur",
        "trdthgNur": "trdthgNur"
      }
    },
    "trdthgNur": {
      "inputs": {
        "nixpkgs": [
          "nixpkgs"
        ]
      },
      "locked": {
        "lastModified": 1677657747,
        "narHash": "sha256-vC27FjusCpUtFfE0jNsR6ABWk26fV51MpkuVpgEliMM=",
        "owner": "trdthg",
        "repo": "trdthg-nur-packages",
        "rev": "acb2f89f5b4918e077df77fdbd02fe19e0d4e6ad",
        "type": "github"
      },
      "original": {
        "owner": "trdthg",
        "repo": "trdthg-nur-packages",
        "type": "github"
      }
    },
    "utils": {
      "locked": {
        "lastModified": 1676283394,
        "narHash": "sha256-XX2f9c3iySLCw54rJ/CZs+ZK6IQy7GXNY4nSOyu2QG4=",
        "owner": "numtide",
        "repo": "flake-utils",
        "rev": "3db36a8b464d0c4532ba1c7dda728f4576d6d073",
        "type": "github"
      },
      "original": {
        "owner": "numtide",
        "repo": "flake-utils",
        "type": "github"
      }
    }
  },
  "root": "root",
  "version": 7
}
